
Microsoft Visual Studio Solution File, Format Version 12.00
# Visual Studio 15
VisualStudioVersion = 15.0.27130.2010
MinimumVisualStudioVersion = 10.0.40219.1
Project("{FAE04EC0-301F-11D3-BF4B-00C04F79EFBC}") = "SMAReportCleaner", "SMAReportCleaner\SMAReportCleaner.csproj", "{931B34F2-AC07-42C8-9C27-2D529EEB76F7}"
EndProject
Project("{FAE04EC0-301F-11D3-BF4B-00C04F79EFBC}") = "DiffPlex", "DiffPlex\DiffPlex.csproj", "{A6E056B1-819F-44BE-A640-258F816EF15E}"
EndProject
Global
	GlobalSection(SolutionConfigurationPlatforms) = preSolution
		Debug|Any CPU = Debug|Any CPU
		Release|Any CPU = Release|Any CPU
	EndGlobalSection
	GlobalSection(ProjectConfigurationPlatforms) = postSolution
		{931B34F2-AC07-42C8-9C27-2D529EEB76F7}.Debug|Any CPU.ActiveCfg = Debug|Any CPU
		{931B34F2-AC07-42C8-9C27-2D529EEB76F7}.Debug|Any CPU.Build.0 = Debug|Any CPU
		{931B34F2-AC07-42C8-9C27-2D529EEB76F7}.Release|Any CPU.ActiveCfg = Release|Any CPU
		{931B34F2-AC07-42C8-9C27-2D529EEB76F7}.Release|Any CPU.Build.0 = Release|Any CPU
		{A6E056B1-819F-44BE-A640-258F816EF15E}.Debug|Any CPU.ActiveCfg = Debug|Any CPU
		{A6E056B1-819F-44BE-A640-258F816EF15E}.Debug|Any CPU.Build.0 = Debug|Any CPU
		{A6E056B1-819F-44BE-A640-258F816EF15E}.Release|Any CPU.ActiveCfg = Release|Any CPU
		{A6E056B1-819F-44BE-A640-258F816EF15E}.Release|Any CPU.Build.0 = Release|Any CPU
	EndGlobalSection
	GlobalSection(SolutionProperties) = preSolution
		HideSolutionNode = FALSE
	EndGlobalSection
	GlobalSection(ExtensibilityGlobals) = postSolution
		SolutionGuid = {8C7B0D09-E183-41B3-AD68-493B368FC444}
	EndGlobalSection
EndGlobal
